{
  "name": "phantom",
  "lockfileVersion": 3,
  "requires": true,
  "packages": {
    "": {
      "dependencies": {
        "@aku11i/phantom": "^2.0.0"
      }
    },
    "node_modules/@aku11i/phantom": {
      "version": "2.0.0",
      "resolved": "https://registry.npmjs.org/@aku11i/phantom/-/phantom-2.0.0.tgz",
      "integrity": "sha512-NQvmcFoNGl41mU02Y7/lpbzPETVdEfgl9fAa7PAO2Gp3YvQ9YtVNqt+AoaNpcuhavUtTegpKYsORgQb3WL7Wrw==",
      "license": "MIT",
      "bin": {
        "phantom": "phantom.js"
      },
      "engines": {
        "node": ">=22.0.0"
      }
    }
  }
}
