{
  "name": "phantom",
  "lockfileVersion": 3,
  "requires": true,
  "packages": {
    "": {
      "dependencies": {
        "@aku11i/phantom": "^1.3.0"
      }
    },
    "node_modules/@aku11i/phantom": {
      "version": "1.3.0",
      "resolved": "https://registry.npmjs.org/@aku11i/phantom/-/phantom-1.3.0.tgz",
      "integrity": "sha512-33KqeL8vA6ceAvXjzLnlOFzhRyjtaU5M/KEiGKyEvCIcZpq92fLj4cXRU8+BTJf+ZyEfPf6qwZB7E1huLnnKxw==",
      "license": "MIT",
      "bin": {
        "phantom": "phantom.js"
      }
    }
  }
}
